// !$*UTF8*$!
{
	archiveVersion = 1;
	classes = {
	};
	objectVersion = 46;
	objects = {

/* Begin PBXBuildFile section */
		840FC7B21D225FA200EBEE14 /* main.m in Sources */ = {isa = PBXBuildFile; fileRef = 840FC7B11D225FA200EBEE14 /* main.m */; };
		840FC7B51D225FA200EBEE14 /* AppDelegate.m in Sources */ = {isa = PBXBuildFile; fileRef = 840FC7B41D225FA200EBEE14 /* AppDelegate.m */; };
		840FC7B81D225FA200EBEE14 /* RSSFeedViewController.m in Sources */ = {isa = PBXBuildFile; fileRef = 840FC7B71D225FA200EBEE14 /* RSSFeedViewController.m */; };
		840FC7BB1D225FA200EBEE14 /* Main.storyboard in Resources */ = {isa = PBXBuildFile; fileRef = 840FC7B91D225FA200EBEE14 /* Main.storyboard */; };
		840FC7BD1D225FA200EBEE14 /* Assets.xcassets in Resources */ = {isa = PBXBuildFile; fileRef = 840FC7BC1D225FA200EBEE14 /* Assets.xcassets */; };
		840FC7C01D225FA200EBEE14 /* LaunchScreen.storyboard in Resources */ = {isa = PBXBuildFile; fileRef = 840FC7BE1D225FA200EBEE14 /* LaunchScreen.storyboard */; };
		840FC7E01D22894A00EBEE14 /* SlideNavigationContorllerAnimatorFade.m in Sources */ = {isa = PBXBuildFile; fileRef = 840FC7D21D22894A00EBEE14 /* SlideNavigationContorllerAnimatorFade.m */; };
		840FC7E11D22894A00EBEE14 /* SlideNavigationContorllerAnimatorScale.m in Sources */ = {isa = PBXBuildFile; fileRef = 840FC7D41D22894A00EBEE14 /* SlideNavigationContorllerAnimatorScale.m */; };
		840FC7E21D22894A00EBEE14 /* SlideNavigationContorllerAnimatorScaleAndFade.m in Sources */ = {isa = PBXBuildFile; fileRef = 840FC7D61D22894A00EBEE14 /* SlideNavigationContorllerAnimatorScaleAndFade.m */; };
		840FC7E31D22894A00EBEE14 /* SlideNavigationContorllerAnimatorSlide.m in Sources */ = {isa = PBXBuildFile; fileRef = 840FC7D81D22894A00EBEE14 /* SlideNavigationContorllerAnimatorSlide.m */; };
		840FC7E41D22894A00EBEE14 /* SlideNavigationContorllerAnimatorSlideAndFade.m in Sources */ = {isa = PBXBuildFile; fileRef = 840FC7DA1D22894A00EBEE14 /* SlideNavigationContorllerAnimatorSlideAndFade.m */; };
		840FC7E51D22894A00EBEE14 /* menu-button.png in Resources */ = {isa = PBXBuildFile; fileRef = 840FC7DC1D22894A00EBEE14 /* menu-button.png */; };
		840FC7E61D22894A00EBEE14 /* menu-button@2x.png in Resources */ = {isa = PBXBuildFile; fileRef = 840FC7DD1D22894A00EBEE14 /* menu-button@2x.png */; };
		840FC7E71D22894A00EBEE14 /* SlideNavigationController.m in Sources */ = {isa = PBXBuildFile; fileRef = 840FC7DF1D22894A00EBEE14 /* SlideNavigationController.m */; };
		840FC7EB1D2289A200EBEE14 /* LeftMenuViewController.m in Sources */ = {isa = PBXBuildFile; fileRef = 840FC7EA1D2289A200EBEE14 /* LeftMenuViewController.m */; };
		840FC7F41D22CC8F00EBEE14 /* LeftMenuTableViewCell.m in Sources */ = {isa = PBXBuildFile; fileRef = 840FC7F31D22CC8F00EBEE14 /* LeftMenuTableViewCell.m */; };
		840FC7F71D239F1900EBEE14 /* RSSFeedTableViewCell.m in Sources */ = {isa = PBXBuildFile; fileRef = 840FC7F61D239F1900EBEE14 /* RSSFeedTableViewCell.m */; };
		840FC7FA1D239FFE00EBEE14 /* DetailViewController.m in Sources */ = {isa = PBXBuildFile; fileRef = 840FC7F91D239FFE00EBEE14 /* DetailViewController.m */; };
		840FC7FC1D23E39600EBEE14 /* CoreData.framework in Frameworks */ = {isa = PBXBuildFile; fileRef = 840FC7FB1D23E39600EBEE14 /* CoreData.framework */; };
		840FC8001D23E43100EBEE14 /* Model.xcdatamodeld in Sources */ = {isa = PBXBuildFile; fileRef = 840FC7FE1D23E43100EBEE14 /* Model.xcdatamodeld */; };
		840FC8071D23E9A200EBEE14 /* RSSSourceViewController.m in Sources */ = {isa = PBXBuildFile; fileRef = 840FC8061D23E9A200EBEE14 /* RSSSourceViewController.m */; };
		840FC80B1D23F5EF00EBEE14 /* RSSSourceEditViewController.m in Sources */ = {isa = PBXBuildFile; fileRef = 840FC80A1D23F5EF00EBEE14 /* RSSSourceEditViewController.m */; };
/* End PBXBuildFile section */

/* Begin PBXFileReference section */
		840FC7AD1D225FA200EBEE14 /* test.app */ = {isa = PBXFileReference; explicitFileType = wrapper.application; includeInIndex = 0; path = test.app; sourceTree = BUILT_PRODUCTS_DIR; };
		840FC7B11D225FA200EBEE14 /* main.m */ = {isa = PBXFileReference; lastKnownFileType = sourcecode.c.objc; path = main.m; sourceTree = "<group>"; };
		840FC7B31D225FA200EBEE14 /* AppDelegate.h */ = {isa = PBXFileReference; lastKnownFileType = sourcecode.c.h; path = AppDelegate.h; sourceTree = "<group>"; };
		840FC7B41D225FA200EBEE14 /* AppDelegate.m */ = {isa = PBXFileReference; lastKnownFileType = sourcecode.c.objc; path = AppDelegate.m; sourceTree = "<group>"; };
		840FC7B61D225FA200EBEE14 /* RSSFeedViewController.h */ = {isa = PBXFileReference; lastKnownFileType = sourcecode.c.h; path = RSSFeedViewController.h; sourceTree = "<group>"; };
		840FC7B71D225FA200EBEE14 /* RSSFeedViewController.m */ = {isa = PBXFileReference; lastKnownFileType = sourcecode.c.objc; path = RSSFeedViewController.m; sourceTree = "<group>"; };
		840FC7BA1D225FA200EBEE14 /* Base */ = {isa = PBXFileReference; lastKnownFileType = file.storyboard; name = Base; path = Base.lproj/Main.storyboard; sourceTree = "<group>"; };
		840FC7BC1D225FA200EBEE14 /* Assets.xcassets */ = {isa = PBXFileReference; lastKnownFileType = folder.assetcatalog; path = Assets.xcassets; sourceTree = "<group>"; };
		840FC7BF1D225FA200EBEE14 /* Base */ = {isa = PBXFileReference; lastKnownFileType = file.storyboard; name = Base; path = Base.lproj/LaunchScreen.storyboard; sourceTree = "<group>"; };
		840FC7C11D225FA200EBEE14 /* Info.plist */ = {isa = PBXFileReference; lastKnownFileType = text.plist.xml; path = Info.plist; sourceTree = "<group>"; };
		840FC7D01D22894A00EBEE14 /* SlideNavigationContorllerAnimator.h */ = {isa = PBXFileReference; fileEncoding = 4; lastKnownFileType = sourcecode.c.h; path = SlideNavigationContorllerAnimator.h; sourceTree = "<group>"; };
		840FC7D11D22894A00EBEE14 /* SlideNavigationContorllerAnimatorFade.h */ = {isa = PBXFileReference; fileEncoding = 4; lastKnownFileType = sourcecode.c.h; path = SlideNavigationContorllerAnimatorFade.h; sourceTree = "<group>"; };
		840FC7D21D22894A00EBEE14 /* SlideNavigationContorllerAnimatorFade.m */ = {isa = PBXFileReference; fileEncoding = 4; lastKnownFileType = sourcecode.c.objc; path = SlideNavigationContorllerAnimatorFade.m; sourceTree = "<group>"; };
		840FC7D31D22894A00EBEE14 /* SlideNavigationContorllerAnimatorScale.h */ = {isa = PBXFileReference; fileEncoding = 4; lastKnownFileType = sourcecode.c.h; path = SlideNavigationContorllerAnimatorScale.h; sourceTree = "<group>"; };
		840FC7D41D22894A00EBEE14 /* SlideNavigationContorllerAnimatorScale.m */ = {isa = PBXFileReference; fileEncoding = 4; lastKnownFileType = sourcecode.c.objc; path = SlideNavigationContorllerAnimatorScale.m; sourceTree = "<group>"; };
		840FC7D51D22894A00EBEE14 /* SlideNavigationContorllerAnimatorScaleAndFade.h */ = {isa = PBXFileReference; fileEncoding = 4; lastKnownFileType = sourcecode.c.h; path = SlideNavigationContorllerAnimatorScaleAndFade.h; sourceTree = "<group>"; };
		840FC7D61D22894A00EBEE14 /* SlideNavigationContorllerAnimatorScaleAndFade.m */ = {isa = PBXFileReference; fileEncoding = 4; lastKnownFileType = sourcecode.c.objc; path = SlideNavigationContorllerAnimatorScaleAndFade.m; sourceTree = "<group>"; };
		840FC7D71D22894A00EBEE14 /* SlideNavigationContorllerAnimatorSlide.h */ = {isa = PBXFileReference; fileEncoding = 4; lastKnownFileType = sourcecode.c.h; path = SlideNavigationContorllerAnimatorSlide.h; sourceTree = "<group>"; };
		840FC7D81D22894A00EBEE14 /* SlideNavigationContorllerAnimatorSlide.m */ = {isa = PBXFileReference; fileEncoding = 4; lastKnownFileType = sourcecode.c.objc; path = SlideNavigationContorllerAnimatorSlide.m; sourceTree = "<group>"; };
		840FC7D91D22894A00EBEE14 /* SlideNavigationContorllerAnimatorSlideAndFade.h */ = {isa = PBXFileReference; fileEncoding = 4; lastKnownFileType = sourcecode.c.h; path = SlideNavigationContorllerAnimatorSlideAndFade.h; sourceTree = "<group>"; };
		840FC7DA1D22894A00EBEE14 /* SlideNavigationContorllerAnimatorSlideAndFade.m */ = {isa = PBXFileReference; fileEncoding = 4; lastKnownFileType = sourcecode.c.objc; path = SlideNavigationContorllerAnimatorSlideAndFade.m; sourceTree = "<group>"; };
		840FC7DC1D22894A00EBEE14 /* menu-button.png */ = {isa = PBXFileReference; lastKnownFileType = image.png; path = "menu-button.png"; sourceTree = "<group>"; };
		840FC7DD1D22894A00EBEE14 /* menu-button@2x.png */ = {isa = PBXFileReference; lastKnownFileType = image.png; path = "menu-button@2x.png"; sourceTree = "<group>"; };
		840FC7DE1D22894A00EBEE14 /* SlideNavigationController.h */ = {isa = PBXFileReference; fileEncoding = 4; lastKnownFileType = sourcecode.c.h; path = SlideNavigationController.h; sourceTree = "<group>"; };
		840FC7DF1D22894A00EBEE14 /* SlideNavigationController.m */ = {isa = PBXFileReference; fileEncoding = 4; lastKnownFileType = sourcecode.c.objc; path = SlideNavigationController.m; sourceTree = "<group>"; };
		840FC7E91D2289A200EBEE14 /* LeftMenuViewController.h */ = {isa = PBXFileReference; fileEncoding = 4; lastKnownFileType = sourcecode.c.h; path = LeftMenuViewController.h; sourceTree = "<group>"; };
		840FC7EA1D2289A200EBEE14 /* LeftMenuViewController.m */ = {isa = PBXFileReference; fileEncoding = 4; lastKnownFileType = sourcecode.c.objc; path = LeftMenuViewController.m; sourceTree = "<group>"; };
		840FC7F21D22CC8F00EBEE14 /* LeftMenuTableViewCell.h */ = {isa = PBXFileReference; fileEncoding = 4; lastKnownFileType = sourcecode.c.h; path = LeftMenuTableViewCell.h; sourceTree = "<group>"; };
		840FC7F31D22CC8F00EBEE14 /* LeftMenuTableViewCell.m */ = {isa = PBXFileReference; fileEncoding = 4; lastKnownFileType = sourcecode.c.objc; path = LeftMenuTableViewCell.m; sourceTree = "<group>"; };
		840FC7F51D239F1900EBEE14 /* RSSFeedTableViewCell.h */ = {isa = PBXFileReference; fileEncoding = 4; lastKnownFileType = sourcecode.c.h; path = RSSFeedTableViewCell.h; sourceTree = "<group>"; };
		840FC7F61D239F1900EBEE14 /* RSSFeedTableViewCell.m */ = {isa = PBXFileReference; fileEncoding = 4; lastKnownFileType = sourcecode.c.objc; path = RSSFeedTableViewCell.m; sourceTree = "<group>"; };
		840FC7F81D239FFE00EBEE14 /* DetailViewController.h */ = {isa = PBXFileReference; fileEncoding = 4; lastKnownFileType = sourcecode.c.h; path = DetailViewController.h; sourceTree = "<group>"; };
		840FC7F91D239FFE00EBEE14 /* DetailViewController.m */ = {isa = PBXFileReference; fileEncoding = 4; lastKnownFileType = sourcecode.c.objc; path = DetailViewController.m; sourceTree = "<group>"; };
		840FC7FB1D23E39600EBEE14 /* CoreData.framework */ = {isa = PBXFileReference; lastKnownFileType = wrapper.framework; name = CoreData.framework; path = System/Library/Frameworks/CoreData.framework; sourceTree = SDKROOT; };
		840FC7FF1D23E43100EBEE14 /* Model.xcdatamodel */ = {isa = PBXFileReference; lastKnownFileType = wrapper.xcdatamodel; path = Model.xcdatamodel; sourceTree = "<group>"; };
		840FC8051D23E9A200EBEE14 /* RSSSourceViewController.h */ = {isa = PBXFileReference; fileEncoding = 4; lastKnownFileType = sourcecode.c.h; path = RSSSourceViewController.h; sourceTree = "<group>"; };
		840FC8061D23E9A200EBEE14 /* RSSSourceViewController.m */ = {isa = PBXFileReference; fileEncoding = 4; lastKnownFileType = sourcecode.c.objc; path = RSSSourceViewController.m; sourceTree = "<group>"; };
		840FC8091D23F5EF00EBEE14 /* RSSSourceEditViewController.h */ = {isa = PBXFileReference; fileEncoding = 4; lastKnownFileType = sourcecode.c.h; path = RSSSourceEditViewController.h; sourceTree = "<group>"; };
		840FC80A1D23F5EF00EBEE14 /* RSSSourceEditViewController.m */ = {isa = PBXFileReference; fileEncoding = 4; lastKnownFileType = sourcecode.c.objc; path = RSSSourceEditViewController.m; sourceTree = "<group>"; };
/* End PBXFileReference section */

/* Begin PBXFrameworksBuildPhase section */
		840FC7AA1D225FA200EBEE14 /* Frameworks */ = {
			isa = PBXFrameworksBuildPhase;
			buildActionMask = 2147483647;
			files = (
				840FC7FC1D23E39600EBEE14 /* CoreData.framework in Frameworks */,
			);
			runOnlyForDeploymentPostprocessing = 0;
		};
/* End PBXFrameworksBuildPhase section */

/* Begin PBXGroup section */
		840FC7A41D225FA200EBEE14 = {
			isa = PBXGroup;
			children = (
				840FC7FD1D23E3F100EBEE14 /* Frameworks */,
				840FC7AF1D225FA200EBEE14 /* test */,
				840FC7AE1D225FA200EBEE14 /* Products */,
			);
			sourceTree = "<group>";
		};
		840FC7AE1D225FA200EBEE14 /* Products */ = {
			isa = PBXGroup;
			children = (
				840FC7AD1D225FA200EBEE14 /* test.app */,
			);
			name = Products;
			sourceTree = "<group>";
		};
		840FC7AF1D225FA200EBEE14 /* test */ = {
			isa = PBXGroup;
			children = (
				840FC7E81D22895100EBEE14 /* SlideMenu */,
				840FC7B31D225FA200EBEE14 /* AppDelegate.h */,
				840FC7B41D225FA200EBEE14 /* AppDelegate.m */,
				840FC7B91D225FA200EBEE14 /* Main.storyboard */,
				840FC7BC1D225FA200EBEE14 /* Assets.xcassets */,
				840FC7BE1D225FA200EBEE14 /* LaunchScreen.storyboard */,
				840FC7C11D225FA200EBEE14 /* Info.plist */,
				840FC7B01D225FA200EBEE14 /* Supporting Files */,
				840FC7F11D22C7A800EBEE14 /* LeftMenu */,
				840FC8041D23E8A300EBEE14 /* RSSFeed */,
				840FC8081D23E9AA00EBEE14 /* RSSSourceViewController */,
			);
			path = test;
			sourceTree = "<group>";
		};
		840FC7B01D225FA200EBEE14 /* Supporting Files */ = {
			isa = PBXGroup;
			children = (
				840FC7B11D225FA200EBEE14 /* main.m */,
				840FC7FE1D23E43100EBEE14 /* Model.xcdatamodeld */,
			);
			name = "Supporting Files";
			sourceTree = "<group>";
		};
		840FC7CF1D22894A00EBEE14 /* Animations */ = {
			isa = PBXGroup;
			children = (
				840FC7D01D22894A00EBEE14 /* SlideNavigationContorllerAnimator.h */,
				840FC7D11D22894A00EBEE14 /* SlideNavigationContorllerAnimatorFade.h */,
				840FC7D21D22894A00EBEE14 /* SlideNavigationContorllerAnimatorFade.m */,
				840FC7D31D22894A00EBEE14 /* SlideNavigationContorllerAnimatorScale.h */,
				840FC7D41D22894A00EBEE14 /* SlideNavigationContorllerAnimatorScale.m */,
				840FC7D51D22894A00EBEE14 /* SlideNavigationContorllerAnimatorScaleAndFade.h */,
				840FC7D61D22894A00EBEE14 /* SlideNavigationContorllerAnimatorScaleAndFade.m */,
				840FC7D71D22894A00EBEE14 /* SlideNavigationContorllerAnimatorSlide.h */,
				840FC7D81D22894A00EBEE14 /* SlideNavigationContorllerAnimatorSlide.m */,
				840FC7D91D22894A00EBEE14 /* SlideNavigationContorllerAnimatorSlideAndFade.h */,
				840FC7DA1D22894A00EBEE14 /* SlideNavigationContorllerAnimatorSlideAndFade.m */,
			);
			path = Animations;
			sourceTree = "<group>";
		};
		840FC7DB1D22894A00EBEE14 /* Assets */ = {
			isa = PBXGroup;
			children = (
				840FC7DC1D22894A00EBEE14 /* menu-button.png */,
				840FC7DD1D22894A00EBEE14 /* menu-button@2x.png */,
			);
			path = Assets;
			sourceTree = "<group>";
		};
		840FC7E81D22895100EBEE14 /* SlideMenu */ = {
			isa = PBXGroup;
			children = (
				840FC7CF1D22894A00EBEE14 /* Animations */,
				840FC7DB1D22894A00EBEE14 /* Assets */,
				840FC7DE1D22894A00EBEE14 /* SlideNavigationController.h */,
				840FC7DF1D22894A00EBEE14 /* SlideNavigationController.m */,
			);
			name = SlideMenu;
			sourceTree = "<group>";
		};
		840FC7EC1D2289AD00EBEE14 /* LeftMenuViewController */ = {
			isa = PBXGroup;
			children = (
				840FC7E91D2289A200EBEE14 /* LeftMenuViewController.h */,
				840FC7EA1D2289A200EBEE14 /* LeftMenuViewController.m */,
			);
			name = LeftMenuViewController;
			sourceTree = "<group>";
		};
		840FC7F01D22C79E00EBEE14 /* LeftMenuTableViewCell */ = {
			isa = PBXGroup;
			children = (
				840FC7F21D22CC8F00EBEE14 /* LeftMenuTableViewCell.h */,
				840FC7F31D22CC8F00EBEE14 /* LeftMenuTableViewCell.m */,
			);
			name = LeftMenuTableViewCell;
			sourceTree = "<group>";
		};
		840FC7F11D22C7A800EBEE14 /* LeftMenu */ = {
			isa = PBXGroup;
			children = (
				840FC7EC1D2289AD00EBEE14 /* LeftMenuViewController */,
				840FC7F01D22C79E00EBEE14 /* LeftMenuTableViewCell */,
			);
			name = LeftMenu;
			sourceTree = "<group>";
		};
		840FC7FD1D23E3F100EBEE14 /* Frameworks */ = {
			isa = PBXGroup;
			children = (
				840FC7FB1D23E39600EBEE14 /* CoreData.framework */,
			);
			name = Frameworks;
			sourceTree = "<group>";
		};
		840FC8011D23E7A900EBEE14 /* RSSFeedViewController */ = {
			isa = PBXGroup;
			children = (
				840FC7B61D225FA200EBEE14 /* RSSFeedViewController.h */,
				840FC7B71D225FA200EBEE14 /* RSSFeedViewController.m */,
			);
			name = RSSFeedViewController;
			sourceTree = "<group>";
		};
		840FC8021D23E7B500EBEE14 /* RSSFeedTableViewCell */ = {
			isa = PBXGroup;
			children = (
				840FC7F51D239F1900EBEE14 /* RSSFeedTableViewCell.h */,
				840FC7F61D239F1900EBEE14 /* RSSFeedTableViewCell.m */,
			);
			name = RSSFeedTableViewCell;
			sourceTree = "<group>";
		};
		840FC8031D23E7BF00EBEE14 /* DetailViewController */ = {
			isa = PBXGroup;
			children = (
				840FC7F81D239FFE00EBEE14 /* DetailViewController.h */,
				840FC7F91D239FFE00EBEE14 /* DetailViewController.m */,
			);
			name = DetailViewController;
			sourceTree = "<group>";
		};
		840FC8041D23E8A300EBEE14 /* RSSFeed */ = {
			isa = PBXGroup;
			children = (
				840FC8021D23E7B500EBEE14 /* RSSFeedTableViewCell */,
				840FC8011D23E7A900EBEE14 /* RSSFeedViewController */,
				840FC8031D23E7BF00EBEE14 /* DetailViewController */,
			);
			name = RSSFeed;
			sourceTree = "<group>";
		};
		840FC8081D23E9AA00EBEE14 /* RSSSourceViewController */ = {
			isa = PBXGroup;
			children = (
				840FC8051D23E9A200EBEE14 /* RSSSourceViewController.h */,
				840FC8061D23E9A200EBEE14 /* RSSSourceViewController.m */,
				840FC8091D23F5EF00EBEE14 /* RSSSourceEditViewController.h */,
				840FC80A1D23F5EF00EBEE14 /* RSSSourceEditViewController.m */,
			);
			name = RSSSourceViewController;
			sourceTree = "<group>";
		};
/* End PBXGroup section */

/* Begin PBXNativeTarget section */
		840FC7AC1D225FA200EBEE14 /* test */ = {
			isa = PBXNativeTarget;
			buildConfigurationList = 840FC7C41D225FA200EBEE14 /* Build configuration list for PBXNativeTarget "test" */;
			buildPhases = (
				840FC7A91D225FA200EBEE14 /* Sources */,
				840FC7AA1D225FA200EBEE14 /* Frameworks */,
				840FC7AB1D225FA200EBEE14 /* Resources */,
			);
			buildRules = (
			);
			dependencies = (
			);
			name = test;
			productName = test;
			productReference = 840FC7AD1D225FA200EBEE14 /* test.app */;
			productType = "com.apple.product-type.application";
		};
/* End PBXNativeTarget section */

/* Begin PBXProject section */
		840FC7A51D225FA200EBEE14 /* Project object */ = {
			isa = PBXProject;
			attributes = {
				LastUpgradeCheck = 0730;
				ORGANIZATIONNAME = Admin;
				TargetAttributes = {
					840FC7AC1D225FA200EBEE14 = {
						CreatedOnToolsVersion = 7.3.1;
					};
				};
			};
			buildConfigurationList = 840FC7A81D225FA200EBEE14 /* Build configuration list for PBXProject "test" */;
			compatibilityVersion = "Xcode 3.2";
			developmentRegion = English;
			hasScannedForEncodings = 0;
			knownRegions = (
				en,
				Base,
			);
			mainGroup = 840FC7A41D225FA200EBEE14;
			productRefGroup = 840FC7AE1D225FA200EBEE14 /* Products */;
			projectDirPath = "";
			projectRoot = "";
			targets = (
				840FC7AC1D225FA200EBEE14 /* test */,
			);
		};
/* End PBXProject section */

/* Begin PBXResourcesBuildPhase section */
		840FC7AB1D225FA200EBEE14 /* Resources */ = {
			isa = PBXResourcesBuildPhase;
			buildActionMask = 2147483647;
			files = (
				840FC7E51D22894A00EBEE14 /* menu-button.png in Resources */,
				840FC7C01D225FA200EBEE14 /* LaunchScreen.storyboard in Resources */,
				840FC7BD1D225FA200EBEE14 /* Assets.xcassets in Resources */,
				840FC7E61D22894A00EBEE14 /* menu-button@2x.png in Resources */,
				840FC7BB1D225FA200EBEE14 /* Main.storyboard in Resources */,
			);
			runOnlyForDeploymentPostprocessing = 0;
		};
/* End PBXResourcesBuildPhase section */

/* Begin PBXSourcesBuildPhase section */
		840FC7A91D225FA200EBEE14 /* Sources */ = {
			isa = PBXSourcesBuildPhase;
			buildActionMask = 2147483647;
			files = (
				840FC7F71D239F1900EBEE14 /* RSSFeedTableViewCell.m in Sources */,
				840FC7E71D22894A00EBEE14 /* SlideNavigationController.m in Sources */,
				840FC7E11D22894A00EBEE14 /* SlideNavigationContorllerAnimatorScale.m in Sources */,
				840FC8001D23E43100EBEE14 /* Model.xcdatamodeld in Sources */,
				840FC7E21D22894A00EBEE14 /* SlideNavigationContorllerAnimatorScaleAndFade.m in Sources */,
				840FC7B81D225FA200EBEE14 /* RSSFeedViewController.m in Sources */,
				840FC80B1D23F5EF00EBEE14 /* RSSSourceEditViewController.m in Sources */,
				840FC7B51D225FA200EBEE14 /* AppDelegate.m in Sources */,
				840FC7E01D22894A00EBEE14 /* SlideNavigationContorllerAnimatorFade.m in Sources */,
				840FC7B21D225FA200EBEE14 /* main.m in Sources */,
				840FC7E41D22894A00EBEE14 /* SlideNavigationContorllerAnimatorSlideAndFade.m in Sources */,
				840FC7FA1D239FFE00EBEE14 /* DetailViewController.m in Sources */,
				840FC7F41D22CC8F00EBEE14 /* LeftMenuTableViewCell.m in Sources */,
				840FC8071D23E9A200EBEE14 /* RSSSourceViewController.m in Sources */,
				840FC7EB1D2289A200EBEE14 /* LeftMenuViewController.m in Sources */,
				840FC7E31D22894A00EBEE14 /* SlideNavigationContorllerAnimatorSlide.m in Sources */,
			);
			runOnlyForDeploymentPostprocessing = 0;
		};
/* End PBXSourcesBuildPhase section */

/* Begin PBXVariantGroup section */
		840FC7B91D225FA200EBEE14 /* Main.storyboard */ = {
			isa = PBXVariantGroup;
			children = (
				840FC7BA1D225FA200EBEE14 /* Base */,
			);
			name = Main.storyboard;
			sourceTree = "<group>";
		};
		840FC7BE1D225FA200EBEE14 /* LaunchScreen.storyboard */ = {
			isa = PBXVariantGroup;
			children = (
				840FC7BF1D225FA200EBEE14 /* Base */,
			);
			name = LaunchScreen.storyboard;
			sourceTree = "<group>";
		};
/* End PBXVariantGroup section */

/* Begin XCBuildConfiguration section */
		840FC7C21D225FA200EBEE14 /* Debug */ = {
			isa = XCBuildConfiguration;
			buildSettings = {
				ALWAYS_SEARCH_USER_PATHS = NO;
				CLANG_ANALYZER_NONNULL = YES;
				CLANG_CXX_LANGUAGE_STANDARD = "gnu++0x";
				CLANG_CXX_LIBRARY = "libc++";
				CLANG_ENABLE_MODULES = YES;
				CLANG_ENABLE_OBJC_ARC = YES;
				CLANG_WARN_BOOL_CONVERSION = YES;
				CLANG_WARN_CONSTANT_CONVERSION = YES;
				CLANG_WARN_DIRECT_OBJC_ISA_USAGE = YES_ERROR;
				CLANG_WARN_EMPTY_BODY = YES;
				CLANG_WARN_ENUM_CONVERSION = YES;
				CLANG_WARN_INT_CONVERSION = YES;
				CLANG_WARN_OBJC_ROOT_CLASS = YES_ERROR;
				CLANG_WARN_UNREACHABLE_CODE = YES;
				CLANG_WARN__DUPLICATE_METHOD_MATCH = YES;
				"CODE_SIGN_IDENTITY[sdk=iphoneos*]" = "iPhone Developer";
				COPY_PHASE_STRIP = NO;
				DEBUG_INFORMATION_FORMAT = dwarf;
				ENABLE_STRICT_OBJC_MSGSEND = YES;
				ENABLE_TESTABILITY = YES;
				GCC_C_LANGUAGE_STANDARD = gnu99;
				GCC_DYNAMIC_NO_PIC = NO;
				GCC_NO_COMMON_BLOCKS = YES;
				GCC_OPTIMIZATION_LEVEL = 0;
				GCC_PREPROCESSOR_DEFINITIONS = (
					"DEBUG=1",
					"$(inherited)",
				);
				GCC_WARN_64_TO_32_BIT_CONVERSION = YES;
				GCC_WARN_ABOUT_RETURN_TYPE = YES_ERROR;
				GCC_WARN_UNDECLARED_SELECTOR = YES;
				GCC_WARN_UNINITIALIZED_AUTOS = YES_AGGRESSIVE;
				GCC_WARN_UNUSED_FUNCTION = YES;
				GCC_WARN_UNUSED_VARIABLE = YES;
				IPHONEOS_DEPLOYMENT_TARGET = 9.3;
				MTL_ENABLE_DEBUG_INFO = YES;
				ONLY_ACTIVE_ARCH = YES;
				SDKROOT = iphoneos;
			};
			name = Debug;
		};
		840FC7C31D225FA200EBEE14 /* Release */ = {
			isa = XCBuildConfiguration;
			buildSettings = {
				ALWAYS_SEARCH_USER_PATHS = NO;
				CLANG_ANALYZER_NONNULL = YES;
				CLANG_CXX_LANGUAGE_STANDARD = "gnu++0x";
				CLANG_CXX_LIBRARY = "libc++";
				CLANG_ENABLE_MODULES = YES;
				CLANG_ENABLE_OBJC_ARC = YES;
				CLANG_WARN_BOOL_CONVERSION = YES;
				CLANG_WARN_CONSTANT_CONVERSION = YES;
				CLANG_WARN_DIRECT_OBJC_ISA_USAGE = YES_ERROR;
				CLANG_WARN_EMPTY_BODY = YES;
				CLANG_WARN_ENUM_CONVERSION = YES;
				CLANG_WARN_INT_CONVERSION = YES;
				CLANG_WARN_OBJC_ROOT_CLASS = YES_ERROR;
				CLANG_WARN_UNREACHABLE_CODE = YES;
				CLANG_WARN__DUPLICATE_METHOD_MATCH = YES;
				"CODE_SIGN_IDENTITY[sdk=iphoneos*]" = "iPhone Developer";
				COPY_PHASE_STRIP = NO;
				DEBUG_INFORMATION_FORMAT = "dwarf-with-dsym";
				ENABLE_NS_ASSERTIONS = NO;
				ENABLE_STRICT_OBJC_MSGSEND = YES;
				GCC_C_LANGUAGE_STANDARD = gnu99;
				GCC_NO_COMMON_BLOCKS = YES;
				GCC_WARN_64_TO_32_BIT_CONVERSION = YES;
				GCC_WARN_ABOUT_RETURN_TYPE = YES_ERROR;
				GCC_WARN_UNDECLARED_SELECTOR = YES;
				GCC_WARN_UNINITIALIZED_AUTOS = YES_AGGRESSIVE;
				GCC_WARN_UNUSED_FUNCTION = YES;
				GCC_WARN_UNUSED_VARIABLE = YES;
				IPHONEOS_DEPLOYMENT_TARGET = 9.3;
				MTL_ENABLE_DEBUG_INFO = NO;
				SDKROOT = iphoneos;
				VALIDATE_PRODUCT = YES;
			};
			name = Release;
		};
		840FC7C51D225FA200EBEE14 /* Debug */ = {
			isa = XCBuildConfiguration;
			buildSettings = {
				ASSETCATALOG_COMPILER_APPICON_NAME = AppIcon;
				INFOPLIST_FILE = test/Info.plist;
				IPHONEOS_DEPLOYMENT_TARGET = 8.0;
				LD_RUNPATH_SEARCH_PATHS = "$(inherited) @executable_path/Frameworks";
				PRODUCT_BUNDLE_IDENTIFIER = admin.test;
				PRODUCT_NAME = "$(TARGET_NAME)";
			};
			name = Debug;
		};
		840FC7C61D225FA200EBEE14 /* Release */ = {
			isa = XCBuildConfiguration;
			buildSettings = {
				ASSETCATALOG_COMPILER_APPICON_NAME = AppIcon;
				INFOPLIST_FILE = test/Info.plist;
				IPHONEOS_DEPLOYMENT_TARGET = 8.0;
				LD_RUNPATH_SEARCH_PATHS = "$(inherited) @executable_path/Frameworks";
				PRODUCT_BUNDLE_IDENTIFIER = admin.test;
				PRODUCT_NAME = "$(TARGET_NAME)";
			};
			name = Release;
		};
/* End XCBuildConfiguration section */

/* Begin XCConfigurationList section */
		840FC7A81D225FA200EBEE14 /* Build configuration list for PBXProject "test" */ = {
			isa = XCConfigurationList;
			buildConfigurations = (
				840FC7C21D225FA200EBEE14 /* Debug */,
				840FC7C31D225FA200EBEE14 /* Release */,
			);
			defaultConfigurationIsVisible = 0;
			defaultConfigurationName = Release;
		};
		840FC7C41D225FA200EBEE14 /* Build configuration list for PBXNativeTarget "test" */ = {
			isa = XCConfigurationList;
			buildConfigurations = (
				840FC7C51D225FA200EBEE14 /* Debug */,
				840FC7C61D225FA200EBEE14 /* Release */,
			);
			defaultConfigurationIsVisible = 0;
			defaultConfigurationName = Release;
		};
/* End XCConfigurationList section */

/* Begin XCVersionGroup section */
		840FC7FE1D23E43100EBEE14 /* Model.xcdatamodeld */ = {
			isa = XCVersionGroup;
			children = (
				840FC7FF1D23E43100EBEE14 /* Model.xcdatamodel */,
			);
			currentVersion = 840FC7FF1D23E43100EBEE14 /* Model.xcdatamodel */;
			path = Model.xcdatamodeld;
			sourceTree = "<group>";
			versionGroupType = wrapper.xcdatamodel;
		};
/* End XCVersionGroup section */
	};
	rootObject = 840FC7A51D225FA200EBEE14 /* Project object */;
}
